// !$*UTF8*$!
{
	archiveVersion = 1;
	classes = {
	};
	objectVersion = 77;
	objects = {

/* Begin PBXBuildFile section */
		7CC862F32CCF50C700C1F2F2 /* CHGameContext.swift in Sources */ = {isa = PBXBuildFile; fileRef = 7CC862F22CCF50C300C1F2F2 /* CHGameContext.swift */; };
		7CC862F52CCF50EA00C1F2F2 /* CHGameScene.swift in Sources */ = {isa = PBXBuildFile; fileRef = 7CC862F42CCF50E800C1F2F2 /* CHGameScene.swift */; };
		7CC863042CCF514F00C1F2F2 /* Assets.xcassets in Resources */ = {isa = PBXBuildFile; fileRef = 7CC862FC2CCF514F00C1F2F2 /* Assets.xcassets */; };
		7CC863122CCF5E2300C1F2F2 /* GameContext.swift in Sources */ = {isa = PBXBuildFile; fileRef = 7CC8630E2CCF5E2300C1F2F2 /* GameContext.swift */; };
		7CC863132CCF5E2300C1F2F2 /* GameType.swift in Sources */ = {isa = PBXBuildFile; fileRef = 7CC863102CCF5E2300C1F2F2 /* GameType.swift */; };
		7CC863142CCF5E2300C1F2F2 /* GameModeType.swift in Sources */ = {isa = PBXBuildFile; fileRef = 7CC8630F2CCF5E2300C1F2F2 /* GameModeType.swift */; };
		7CC863152CCF5E2300C1F2F2 /* Dependencies.swift in Sources */ = {isa = PBXBuildFile; fileRef = 7CC8630D2CCF5E2300C1F2F2 /* Dependencies.swift */; };
		7CC8631C2CCF5E3A00C1F2F2 /* CHStartState.swift in Sources */ = {isa = PBXBuildFile; fileRef = 7CC8631A2CCF5E3A00C1F2F2 /* CHStartState.swift */; };
		7CC8631D2CCF5E3A00C1F2F2 /* CHGameInfo.swift in Sources */ = {isa = PBXBuildFile; fileRef = 7CC863172CCF5E3A00C1F2F2 /* CHGameInfo.swift */; };
		7CC8631E2CCF5E3A00C1F2F2 /* CHLayoutInfo.swift in Sources */ = {isa = PBXBuildFile; fileRef = 7CC863182CCF5E3A00C1F2F2 /* CHLayoutInfo.swift */; };
/* End PBXBuildFile section */

/* Begin PBXFileReference section */
		7CC862F22CCF50C300C1F2F2 /* CHGameContext.swift */ = {isa = PBXFileReference; lastKnownFileType = sourcecode.swift; path = CHGameContext.swift; sourceTree = "<group>"; };
		7CC862F42CCF50E800C1F2F2 /* CHGameScene.swift */ = {isa = PBXFileReference; lastKnownFileType = sourcecode.swift; path = CHGameScene.swift; sourceTree = "<group>"; };
		7CC862FC2CCF514F00C1F2F2 /* Assets.xcassets */ = {isa = PBXFileReference; lastKnownFileType = folder.assetcatalog; path = Assets.xcassets; sourceTree = "<group>"; };
		7CC8630D2CCF5E2300C1F2F2 /* Dependencies.swift */ = {isa = PBXFileReference; lastKnownFileType = sourcecode.swift; path = Dependencies.swift; sourceTree = "<group>"; };
		7CC8630E2CCF5E2300C1F2F2 /* GameContext.swift */ = {isa = PBXFileReference; lastKnownFileType = sourcecode.swift; path = GameContext.swift; sourceTree = "<group>"; };
		7CC8630F2CCF5E2300C1F2F2 /* GameModeType.swift */ = {isa = PBXFileReference; lastKnownFileType = sourcecode.swift; path = GameModeType.swift; sourceTree = "<group>"; };
		7CC863102CCF5E2300C1F2F2 /* GameType.swift */ = {isa = PBXFileReference; lastKnownFileType = sourcecode.swift; path = GameType.swift; sourceTree = "<group>"; };
		7CC863172CCF5E3A00C1F2F2 /* CHGameInfo.swift */ = {isa = PBXFileReference; lastKnownFileType = sourcecode.swift; path = CHGameInfo.swift; sourceTree = "<group>"; };
		7CC863182CCF5E3A00C1F2F2 /* CHLayoutInfo.swift */ = {isa = PBXFileReference; lastKnownFileType = sourcecode.swift; path = CHLayoutInfo.swift; sourceTree = "<group>"; };
		7CC8631A2CCF5E3A00C1F2F2 /* CHStartState.swift */ = {isa = PBXFileReference; lastKnownFileType = sourcecode.swift; path = CHStartState.swift; sourceTree = "<group>"; };
		7CDD64F92CCF4956006653C9 /* cheesehunt.app */ = {isa = PBXFileReference; explicitFileType = wrapper.application; includeInIndex = 0; path = cheesehunt.app; sourceTree = BUILT_PRODUCTS_DIR; };
/* End PBXFileReference section */

/* Begin PBXFileSystemSynchronizedBuildFileExceptionSet section */
		7CC863052CCF514F00C1F2F2 /* Exceptions for "cheesehunt" folder in "cheesehunt" target */ = {
			isa = PBXFileSystemSynchronizedBuildFileExceptionSet;
			membershipExceptions = (
				cheesehuntApp.swift,
				ContentView.swift,
				"Preview Content/Preview Assets.xcassets",
			);
			target = 7CDD64F82CCF4956006653C9 /* cheesehunt */;
		};
/* End PBXFileSystemSynchronizedBuildFileExceptionSet section */

/* Begin PBXFileSystemSynchronizedRootGroup section */
		7CC862FB2CCF514800C1F2F2 /* cheesehunt */ = {
			isa = PBXFileSystemSynchronizedRootGroup;
			exceptions = (
				7CC863052CCF514F00C1F2F2 /* Exceptions for "cheesehunt" folder in "cheesehunt" target */,
			);
			path = cheesehunt;
			sourceTree = "<group>";
		};
/* End PBXFileSystemSynchronizedRootGroup section */

/* Begin PBXFrameworksBuildPhase section */
		7CDD64F62CCF4956006653C9 /* Frameworks */ = {
			isa = PBXFrameworksBuildPhase;
			buildActionMask = 2147483647;
			files = (
			);
			runOnlyForDeploymentPostprocessing = 0;
		};
/* End PBXFrameworksBuildPhase section */

/* Begin PBXGroup section */
		7CC8630C2CCF5E0400C1F2F2 /* Assets */ = {
			isa = PBXGroup;
			children = (
				7CC862FC2CCF514F00C1F2F2 /* Assets.xcassets */,
			);
			path = Assets;
			sourceTree = "<group>";
		};
		7CC863112CCF5E2300C1F2F2 /* Base */ = {
			isa = PBXGroup;
			children = (
				7CC8630D2CCF5E2300C1F2F2 /* Dependencies.swift */,
				7CC8630E2CCF5E2300C1F2F2 /* GameContext.swift */,
				7CC8630F2CCF5E2300C1F2F2 /* GameModeType.swift */,
				7CC863102CCF5E2300C1F2F2 /* GameType.swift */,
			);
			path = Base;
			sourceTree = "<group>";
		};
		7CC863162CCF5E3300C1F2F2 /* Code */ = {
			isa = PBXGroup;
			children = (
				7CC863222CCF5E8E00C1F2F2 /* States */,
				7CC863212CCF5E8700C1F2F2 /* Helpers */,
				7CC862F22CCF50C300C1F2F2 /* CHGameContext.swift */,
				7CC862F42CCF50E800C1F2F2 /* CHGameScene.swift */,
			);
			path = Code;
			sourceTree = "<group>";
		};
		7CC863212CCF5E8700C1F2F2 /* Helpers */ = {
			isa = PBXGroup;
			children = (
				7CC863172CCF5E3A00C1F2F2 /* CHGameInfo.swift */,
				7CC863182CCF5E3A00C1F2F2 /* CHLayoutInfo.swift */,
			);
			path = Helpers;
			sourceTree = "<group>";
		};
		7CC863222CCF5E8E00C1F2F2 /* States */ = {
			isa = PBXGroup;
			children = (
				7CC8631A2CCF5E3A00C1F2F2 /* CHStartState.swift */,
			);
			path = States;
			sourceTree = "<group>";
		};
		7CDD64F02CCF4956006653C9 = {
			isa = PBXGroup;
			children = (
				7CC863162CCF5E3300C1F2F2 /* Code */,
				7CC863112CCF5E2300C1F2F2 /* Base */,
				7CC8630C2CCF5E0400C1F2F2 /* Assets */,
				7CC862FB2CCF514800C1F2F2 /* cheesehunt */,
				7CDD64FA2CCF4956006653C9 /* Products */,
			);
			sourceTree = "<group>";
		};
		7CDD64FA2CCF4956006653C9 /* Products */ = {
			isa = PBXGroup;
			children = (
				7CDD64F92CCF4956006653C9 /* cheesehunt.app */,
			);
			name = Products;
			sourceTree = "<group>";
		};
/* End PBXGroup section */

/* Begin PBXNativeTarget section */
		7CDD64F82CCF4956006653C9 /* cheesehunt */ = {
			isa = PBXNativeTarget;
			buildConfigurationList = 7CDD65072CCF4957006653C9 /* Build configuration list for PBXNativeTarget "cheesehunt" */;
			buildPhases = (
				7CDD64F52CCF4956006653C9 /* Sources */,
				7CDD64F62CCF4956006653C9 /* Frameworks */,
				7CDD64F72CCF4956006653C9 /* Resources */,
			);
			buildRules = (
			);
			dependencies = (
			);
			name = cheesehunt;
			packageProductDependencies = (
			);
			productName = cheesehunt;
			productReference = 7CDD64F92CCF4956006653C9 /* cheesehunt.app */;
			productType = "com.apple.product-type.application";
		};
/* End PBXNativeTarget section */

/* Begin PBXProject section */
		7CDD64F12CCF4956006653C9 /* Project object */ = {
			isa = PBXProject;
			attributes = {
				BuildIndependentTargetsInParallel = 1;
				LastSwiftUpdateCheck = 1600;
				LastUpgradeCheck = 1600;
				TargetAttributes = {
					7CDD64F82CCF4956006653C9 = {
						CreatedOnToolsVersion = 16.0;
					};
				};
			};
			buildConfigurationList = 7CDD64F42CCF4956006653C9 /* Build configuration list for PBXProject "cheesehunt" */;
			developmentRegion = en;
			hasScannedForEncodings = 0;
			knownRegions = (
				en,
				Base,
			);
			mainGroup = 7CDD64F02CCF4956006653C9;
			minimizedProjectReferenceProxies = 1;
			preferredProjectObjectVersion = 77;
			productRefGroup = 7CDD64FA2CCF4956006653C9 /* Products */;
			projectDirPath = "";
			projectRoot = "";
			targets = (
				7CDD64F82CCF4956006653C9 /* cheesehunt */,
			);
		};
/* End PBXProject section */

/* Begin PBXResourcesBuildPhase section */
		7CDD64F72CCF4956006653C9 /* Resources */ = {
			isa = PBXResourcesBuildPhase;
			buildActionMask = 2147483647;
			files = (
				7CC863042CCF514F00C1F2F2 /* Assets.xcassets in Resources */,
			);
			runOnlyForDeploymentPostprocessing = 0;
		};
/* End PBXResourcesBuildPhase section */

/* Begin PBXSourcesBuildPhase section */
		7CDD64F52CCF4956006653C9 /* Sources */ = {
			isa = PBXSourcesBuildPhase;
			buildActionMask = 2147483647;
			files = (
				7CC8631E2CCF5E3A00C1F2F2 /* CHLayoutInfo.swift in Sources */,
				7CC863122CCF5E2300C1F2F2 /* GameContext.swift in Sources */,
				7CC863132CCF5E2300C1F2F2 /* GameType.swift in Sources */,
				7CC863142CCF5E2300C1F2F2 /* GameModeType.swift in Sources */,
				7CC863152CCF5E2300C1F2F2 /* Dependencies.swift in Sources */,
				7CC862F32CCF50C700C1F2F2 /* CHGameContext.swift in Sources */,
				7CC8631D2CCF5E3A00C1F2F2 /* CHGameInfo.swift in Sources */,
				7CC862F52CCF50EA00C1F2F2 /* CHGameScene.swift in Sources */,
				7CC8631C2CCF5E3A00C1F2F2 /* CHStartState.swift in Sources */,
			);
			runOnlyForDeploymentPostprocessing = 0;
		};
/* End PBXSourcesBuildPhase section */

/* Begin XCBuildConfiguration section */
		7CDD65052CCF4957006653C9 /* Debug */ = {
			isa = XCBuildConfiguration;
			buildSettings = {
				ALWAYS_SEARCH_USER_PATHS = NO;
				ASSETCATALOG_COMPILER_GENERATE_SWIFT_ASSET_SYMBOL_EXTENSIONS = YES;
				CLANG_ANALYZER_NONNULL = YES;
				CLANG_ANALYZER_NUMBER_OBJECT_CONVERSION = YES_AGGRESSIVE;
				CLANG_CXX_LANGUAGE_STANDARD = "gnu++20";
				CLANG_ENABLE_MODULES = YES;
				CLANG_ENABLE_OBJC_ARC = YES;
				CLANG_ENABLE_OBJC_WEAK = YES;
				CLANG_WARN_BLOCK_CAPTURE_AUTORELEASING = YES;
				CLANG_WARN_BOOL_CONVERSION = YES;
				CLANG_WARN_COMMA = YES;
				CLANG_WARN_CONSTANT_CONVERSION = YES;
				CLANG_WARN_DEPRECATED_OBJC_IMPLEMENTATIONS = YES;
				CLANG_WARN_DIRECT_OBJC_ISA_USAGE = YES_ERROR;
				CLANG_WARN_DOCUMENTATION_COMMENTS = YES;
				CLANG_WARN_EMPTY_BODY = YES;
				CLANG_WARN_ENUM_CONVERSION = YES;
				CLANG_WARN_INFINITE_RECURSION = YES;
				CLANG_WARN_INT_CONVERSION = YES;
				CLANG_WARN_NON_LITERAL_NULL_CONVERSION = YES;
				CLANG_WARN_OBJC_IMPLICIT_RETAIN_SELF = YES;
				CLANG_WARN_OBJC_LITERAL_CONVERSION = YES;
				CLANG_WARN_OBJC_ROOT_CLASS = YES_ERROR;
				CLANG_WARN_QUOTED_INCLUDE_IN_FRAMEWORK_HEADER = YES;
				CLANG_WARN_RANGE_LOOP_ANALYSIS = YES;
				CLANG_WARN_STRICT_PROTOTYPES = YES;
				CLANG_WARN_SUSPICIOUS_MOVE = YES;
				CLANG_WARN_UNGUARDED_AVAILABILITY = YES_AGGRESSIVE;
				CLANG_WARN_UNREACHABLE_CODE = YES;
				CLANG_WARN__DUPLICATE_METHOD_MATCH = YES;
				COPY_PHASE_STRIP = NO;
				DEBUG_INFORMATION_FORMAT = dwarf;
				ENABLE_STRICT_OBJC_MSGSEND = YES;
				ENABLE_TESTABILITY = YES;
				ENABLE_USER_SCRIPT_SANDBOXING = YES;
				GCC_C_LANGUAGE_STANDARD = gnu17;
				GCC_DYNAMIC_NO_PIC = NO;
				GCC_NO_COMMON_BLOCKS = YES;
				GCC_OPTIMIZATION_LEVEL = 0;
				GCC_PREPROCESSOR_DEFINITIONS = (
					"DEBUG=1",
					"$(inherited)",
				);
				GCC_WARN_64_TO_32_BIT_CONVERSION = YES;
				GCC_WARN_ABOUT_RETURN_TYPE = YES_ERROR;
				GCC_WARN_UNDECLARED_SELECTOR = YES;
				GCC_WARN_UNINITIALIZED_AUTOS = YES_AGGRESSIVE;
				GCC_WARN_UNUSED_FUNCTION = YES;
				GCC_WARN_UNUSED_VARIABLE = YES;
				IPHONEOS_DEPLOYMENT_TARGET = 18.0;
				LOCALIZATION_PREFERS_STRING_CATALOGS = YES;
				MTL_ENABLE_DEBUG_INFO = INCLUDE_SOURCE;
				MTL_FAST_MATH = YES;
				ONLY_ACTIVE_ARCH = YES;
				SDKROOT = iphoneos;
				SWIFT_ACTIVE_COMPILATION_CONDITIONS = "DEBUG $(inherited)";
				SWIFT_OPTIMIZATION_LEVEL = "-Onone";
			};
			name = Debug;
		};
		7CDD65062CCF4957006653C9 /* Release */ = {
			isa = XCBuildConfiguration;
			buildSettings = {
				ALWAYS_SEARCH_USER_PATHS = NO;
				ASSETCATALOG_COMPILER_GENERATE_SWIFT_ASSET_SYMBOL_EXTENSIONS = YES;
				CLANG_ANALYZER_NONNULL = YES;
				CLANG_ANALYZER_NUMBER_OBJECT_CONVERSION = YES_AGGRESSIVE;
				CLANG_CXX_LANGUAGE_STANDARD = "gnu++20";
				CLANG_ENABLE_MODULES = YES;
				CLANG_ENABLE_OBJC_ARC = YES;
				CLANG_ENABLE_OBJC_WEAK = YES;
				CLANG_WARN_BLOCK_CAPTURE_AUTORELEASING = YES;
				CLANG_WARN_BOOL_CONVERSION = YES;
				CLANG_WARN_COMMA = YES;
				CLANG_WARN_CONSTANT_CONVERSION = YES;
				CLANG_WARN_DEPRECATED_OBJC_IMPLEMENTATIONS = YES;
				CLANG_WARN_DIRECT_OBJC_ISA_USAGE = YES_ERROR;
				CLANG_WARN_DOCUMENTATION_COMMENTS = YES;
				CLANG_WARN_EMPTY_BODY = YES;
				CLANG_WARN_ENUM_CONVERSION = YES;
				CLANG_WARN_INFINITE_RECURSION = YES;
				CLANG_WARN_INT_CONVERSION = YES;
				CLANG_WARN_NON_LITERAL_NULL_CONVERSION = YES;
				CLANG_WARN_OBJC_IMPLICIT_RETAIN_SELF = YES;
				CLANG_WARN_OBJC_LITERAL_CONVERSION = YES;
				CLANG_WARN_OBJC_ROOT_CLASS = YES_ERROR;
				CLANG_WARN_QUOTED_INCLUDE_IN_FRAMEWORK_HEADER = YES;
				CLANG_WARN_RANGE_LOOP_ANALYSIS = YES;
				CLANG_WARN_STRICT_PROTOTYPES = YES;
				CLANG_WARN_SUSPICIOUS_MOVE = YES;
				CLANG_WARN_UNGUARDED_AVAILABILITY = YES_AGGRESSIVE;
				CLANG_WARN_UNREACHABLE_CODE = YES;
				CLANG_WARN__DUPLICATE_METHOD_MATCH = YES;
				COPY_PHASE_STRIP = NO;
				DEBUG_INFORMATION_FORMAT = "dwarf-with-dsym";
				ENABLE_NS_ASSERTIONS = NO;
				ENABLE_STRICT_OBJC_MSGSEND = YES;
				ENABLE_USER_SCRIPT_SANDBOXING = YES;
				GCC_C_LANGUAGE_STANDARD = gnu17;
				GCC_NO_COMMON_BLOCKS = YES;
				GCC_WARN_64_TO_32_BIT_CONVERSION = YES;
				GCC_WARN_ABOUT_RETURN_TYPE = YES_ERROR;
				GCC_WARN_UNDECLARED_SELECTOR = YES;
				GCC_WARN_UNINITIALIZED_AUTOS = YES_AGGRESSIVE;
				GCC_WARN_UNUSED_FUNCTION = YES;
				GCC_WARN_UNUSED_VARIABLE = YES;
				IPHONEOS_DEPLOYMENT_TARGET = 18.0;
				LOCALIZATION_PREFERS_STRING_CATALOGS = YES;
				MTL_ENABLE_DEBUG_INFO = NO;
				MTL_FAST_MATH = YES;
				SDKROOT = iphoneos;
				SWIFT_COMPILATION_MODE = wholemodule;
				VALIDATE_PRODUCT = YES;
			};
			name = Release;
		};
		7CDD65082CCF4957006653C9 /* Debug */ = {
			isa = XCBuildConfiguration;
			buildSettings = {
				ASSETCATALOG_COMPILER_APPICON_NAME = AppIcon;
				ASSETCATALOG_COMPILER_GLOBAL_ACCENT_COLOR_NAME = AccentColor;
				CODE_SIGN_STYLE = Automatic;
				CURRENT_PROJECT_VERSION = 1;
				DEVELOPMENT_ASSET_PATHS = "\"cheesehunt/Preview Content\"";
				DEVELOPMENT_TEAM = CB4PV4ZML3;
				ENABLE_PREVIEWS = YES;
				GENERATE_INFOPLIST_FILE = YES;
				INFOPLIST_KEY_UIApplicationSceneManifest_Generation = YES;
				INFOPLIST_KEY_UIApplicationSupportsIndirectInputEvents = YES;
				INFOPLIST_KEY_UILaunchScreen_Generation = YES;
				INFOPLIST_KEY_UISupportedInterfaceOrientations = UIInterfaceOrientationPortrait;
				INFOPLIST_KEY_UISupportedInterfaceOrientations_iPad = "UIInterfaceOrientationLandscapeLeft UIInterfaceOrientationLandscapeRight UIInterfaceOrientationPortrait UIInterfaceOrientationPortraitUpsideDown";
				LD_RUNPATH_SEARCH_PATHS = (
					"$(inherited)",
					"@executable_path/Frameworks",
				);
				MARKETING_VERSION = 1.0;
				PRODUCT_BUNDLE_IDENTIFIER = com.vahangev.cheesehunt;
				PRODUCT_NAME = "$(TARGET_NAME)";
				SWIFT_EMIT_LOC_STRINGS = YES;
				SWIFT_VERSION = 5.0;
				TARGETED_DEVICE_FAMILY = 1;
			};
			name = Debug;
		};
		7CDD65092CCF4957006653C9 /* Release */ = {
			isa = XCBuildConfiguration;
			buildSettings = {
				ASSETCATALOG_COMPILER_APPICON_NAME = AppIcon;
				ASSETCATALOG_COMPILER_GLOBAL_ACCENT_COLOR_NAME = AccentColor;
				CODE_SIGN_STYLE = Automatic;
				CURRENT_PROJECT_VERSION = 1;
				DEVELOPMENT_ASSET_PATHS = "\"cheesehunt/Preview Content\"";
				DEVELOPMENT_TEAM = CB4PV4ZML3;
				ENABLE_PREVIEWS = YES;
				GENERATE_INFOPLIST_FILE = YES;
				INFOPLIST_KEY_UIApplicationSceneManifest_Generation = YES;
				INFOPLIST_KEY_UIApplicationSupportsIndirectInputEvents = YES;
				INFOPLIST_KEY_UILaunchScreen_Generation = YES;
				INFOPLIST_KEY_UISupportedInterfaceOrientations = UIInterfaceOrientationPortrait;
				INFOPLIST_KEY_UISupportedInterfaceOrientations_iPad = "UIInterfaceOrientationLandscapeLeft UIInterfaceOrientationLandscapeRight UIInterfaceOrientationPortrait UIInterfaceOrientationPortraitUpsideDown";
				LD_RUNPATH_SEARCH_PATHS = (
					"$(inherited)",
					"@executable_path/Frameworks",
				);
				MARKETING_VERSION = 1.0;
				PRODUCT_BUNDLE_IDENTIFIER = com.vahangev.cheesehunt;
				PRODUCT_NAME = "$(TARGET_NAME)";
				SWIFT_EMIT_LOC_STRINGS = YES;
				SWIFT_VERSION = 5.0;
				TARGETED_DEVICE_FAMILY = 1;
			};
			name = Release;
		};
/* End XCBuildConfiguration section */

/* Begin XCConfigurationList section */
		7CDD64F42CCF4956006653C9 /* Build configuration list for PBXProject "cheesehunt" */ = {
			isa = XCConfigurationList;
			buildConfigurations = (
				7CDD65052CCF4957006653C9 /* Debug */,
				7CDD65062CCF4957006653C9 /* Release */,
			);
			defaultConfigurationIsVisible = 0;
			defaultConfigurationName = Release;
		};
		7CDD65072CCF4957006653C9 /* Build configuration list for PBXNativeTarget "cheesehunt" */ = {
			isa = XCConfigurationList;
			buildConfigurations = (
				7CDD65082CCF4957006653C9 /* Debug */,
				7CDD65092CCF4957006653C9 /* Release */,
			);
			defaultConfigurationIsVisible = 0;
			defaultConfigurationName = Release;
		};
/* End XCConfigurationList section */
	};
	rootObject = 7CDD64F12CCF4956006653C9 /* Project object */;
}
